
Microsoft Visual Studio Solution File, Format Version 12.00
# Visual Studio Version 16
VisualStudioVersion = 16.0.30523.141
MinimumVisualStudioVersion = 10.0.40219.1
Project("{8BC9CEB8-8B4A-11D0-8D11-00A0C91BC942}") = "Sunglasses", "Sunglasses\Sunglasses.vcxproj", "{938B0251-DBE0-4675-BE14-134148A09DE2}"
EndProject
Project("{8BC9CEB8-8B4A-11D0-8D11-00A0C91BC942}") = "House", "House\House.vcxproj", "{9ECB57AB-C9A9-4200-93D8-6A504FBC76CF}"
EndProject
Project("{8BC9CEB8-8B4A-11D0-8D11-00A0C91BC942}") = "Arrow", "Arrow\Arrow.vcxproj", "{E0BB7FB1-CC9F-4A5A-A965-2EE27AAC33B8}"
EndProject
Project("{8BC9CEB8-8B4A-11D0-8D11-00A0C91BC942}") = "Diamond", "Diamond\Diamond.vcxproj", "{9B5E443D-C627-4062-945C-62E98FC431C1}"
EndProject
Global
	GlobalSection(SolutionConfigurationPlatforms) = preSolution
		Debug|x64 = Debug|x64
		Debug|x86 = Debug|x86
		Release|x64 = Release|x64
		Release|x86 = Release|x86
	EndGlobalSection
	GlobalSection(ProjectConfigurationPlatforms) = postSolution
		{938B0251-DBE0-4675-BE14-134148A09DE2}.Debug|x64.ActiveCfg = Debug|x64
		{938B0251-DBE0-4675-BE14-134148A09DE2}.Debug|x64.Build.0 = Debug|x64
		{938B0251-DBE0-4675-BE14-134148A09DE2}.Debug|x86.ActiveCfg = Debug|Win32
		{938B0251-DBE0-4675-BE14-134148A09DE2}.Debug|x86.Build.0 = Debug|Win32
		{938B0251-DBE0-4675-BE14-134148A09DE2}.Release|x64.ActiveCfg = Release|x64
		{938B0251-DBE0-4675-BE14-134148A09DE2}.Release|x64.Build.0 = Release|x64
		{938B0251-DBE0-4675-BE14-134148A09DE2}.Release|x86.ActiveCfg = Release|Win32
		{938B0251-DBE0-4675-BE14-134148A09DE2}.Release|x86.Build.0 = Release|Win32
		{9ECB57AB-C9A9-4200-93D8-6A504FBC76CF}.Debug|x64.ActiveCfg = Debug|x64
		{9ECB57AB-C9A9-4200-93D8-6A504FBC76CF}.Debug|x64.Build.0 = Debug|x64
		{9ECB57AB-C9A9-4200-93D8-6A504FBC76CF}.Debug|x86.ActiveCfg = Debug|Win32
		{9ECB57AB-C9A9-4200-93D8-6A504FBC76CF}.Debug|x86.Build.0 = Debug|Win32
		{9ECB57AB-C9A9-4200-93D8-6A504FBC76CF}.Release|x64.ActiveCfg = Release|x64
		{9ECB57AB-C9A9-4200-93D8-6A504FBC76CF}.Release|x64.Build.0 = Release|x64
		{9ECB57AB-C9A9-4200-93D8-6A504FBC76CF}.Release|x86.ActiveCfg = Release|Win32
		{9ECB57AB-C9A9-4200-93D8-6A504FBC76CF}.Release|x86.Build.0 = Release|Win32
		{E0BB7FB1-CC9F-4A5A-A965-2EE27AAC33B8}.Debug|x64.ActiveCfg = Debug|x64
		{E0BB7FB1-CC9F-4A5A-A965-2EE27AAC33B8}.Debug|x64.Build.0 = Debug|x64
		{E0BB7FB1-CC9F-4A5A-A965-2EE27AAC33B8}.Debug|x86.ActiveCfg = Debug|Win32
		{E0BB7FB1-CC9F-4A5A-A965-2EE27AAC33B8}.Debug|x86.Build.0 = Debug|Win32
		{E0BB7FB1-CC9F-4A5A-A965-2EE27AAC33B8}.Release|x64.ActiveCfg = Release|x64
		{E0BB7FB1-CC9F-4A5A-A965-2EE27AAC33B8}.Release|x64.Build.0 = Release|x64
		{E0BB7FB1-CC9F-4A5A-A965-2EE27AAC33B8}.Release|x86.ActiveCfg = Release|Win32
		{E0BB7FB1-CC9F-4A5A-A965-2EE27AAC33B8}.Release|x86.Build.0 = Release|Win32
		{9B5E443D-C627-4062-945C-62E98FC431C1}.Debug|x64.ActiveCfg = Debug|x64
		{9B5E443D-C627-4062-945C-62E98FC431C1}.Debug|x64.Build.0 = Debug|x64
		{9B5E443D-C627-4062-945C-62E98FC431C1}.Debug|x86.ActiveCfg = Debug|Win32
		{9B5E443D-C627-4062-945C-62E98FC431C1}.Debug|x86.Build.0 = Debug|Win32
		{9B5E443D-C627-4062-945C-62E98FC431C1}.Release|x64.ActiveCfg = Release|x64
		{9B5E443D-C627-4062-945C-62E98FC431C1}.Release|x64.Build.0 = Release|x64
		{9B5E443D-C627-4062-945C-62E98FC431C1}.Release|x86.ActiveCfg = Release|Win32
		{9B5E443D-C627-4062-945C-62E98FC431C1}.Release|x86.Build.0 = Release|Win32
	EndGlobalSection
	GlobalSection(SolutionProperties) = preSolution
		HideSolutionNode = FALSE
	EndGlobalSection
	GlobalSection(ExtensibilityGlobals) = postSolution
		SolutionGuid = {AF8383F9-2254-4AE3-877A-86ECEE9A1D4F}
	EndGlobalSection
EndGlobal
